# This file is generated by running "yarn install" inside your project.
# Manual changes might be lost - proceed with caution!

__metadata:
  version: 5
  cacheKey: 8

"@martintsan/brorand@workspace:.":
  version: 0.0.0-use.local
  resolution: "@martintsan/brorand@workspace:."
  dependencies:
    crypto-js: 3.1.9-1
    mocha: ^2.0.1
  languageName: unknown
  linkType: soft

"commander@npm:0.6.1":
  version: 0.6.1
  resolution: "commander@npm:0.6.1"
  checksum: a68736d5ea7f5abd54f2b8b4f86385349e66a04394344628628e0d3de3f570e2bad0052b048e4658a2472c1ab0b74f40579a8b3a85a6b9f826e382c82a02453a
  languageName: node
  linkType: hard

"commander@npm:2.3.0":
  version: 2.3.0
  resolution: "commander@npm:2.3.0"
  checksum: e37a2f0f11d702cb014cfe807d3648c11c46fca2137e81993f6f743da8bbc88ec7bda8712ff6c083e0a7b412487e25c6bf99a93332f591ed240c304d41af29b4
  languageName: node
  linkType: hard

"crypto-js@npm:3.1.9-1":
  version: 3.1.9-1
  resolution: "crypto-js@npm:3.1.9-1"
  checksum: 2dc7a7024fd02a88ef3f673e949c7a98d0d61da8b57c95a8207e22d8dd2135b29124bc28dfb2770d8a5f3cf8a46d81e68b3a4bde982a71bae479a9ce666f4cd8
  languageName: node
  linkType: hard

"debug@npm:2.2.0":
  version: 2.2.0
  resolution: "debug@npm:2.2.0"
  dependencies:
    ms: 0.7.1
  checksum: 06a55becb91b82c8084a2d7d3f73809180596c8ebbddd373a58c544efd3d66885dc0d80f9cda7e0613b2883a19c2b1d91550dc5dab3e0d4ca6fd42dc61784aa5
  languageName: node
  linkType: hard

"diff@npm:1.4.0":
  version: 1.4.0
  resolution: "diff@npm:1.4.0"
  checksum: 6c18f1f60461a6b84d2b9d8c658a4ba93f52bb6443ae916db8a1a66343d867c3b76cd6d4d5316576fc03a151a5a29416f1d46a5634b29cf0e494829ec623f8c4
  languageName: node
  linkType: hard

"escape-string-regexp@npm:1.0.2":
  version: 1.0.2
  resolution: "escape-string-regexp@npm:1.0.2"
  checksum: cff53512d328412bb4fba07cd2fa76830362a5db65c20d238a27e22b2f2107cd33d67ac5e49c7c5f6243019f0b89123857af18ed0454a90886fcb7785b9e3369
  languageName: node
  linkType: hard

"glob@npm:3.2.11":
  version: 3.2.11
  resolution: "glob@npm:3.2.11"
  dependencies:
    inherits: 2
    minimatch: 0.3
  checksum: 25cb00311743ab877e04367e8115ffeb5a329d5f5764335279acbf776f83ff84f41d6e49d129aece6018f4ce472e0a7d94060b2496555d4a41d7efe753833d98
  languageName: node
  linkType: hard

"growl@npm:1.9.2":
  version: 1.9.2
  resolution: "growl@npm:1.9.2"
  checksum: 461d49e74adbf559fa2ea3f53358670d8d11f00780d6ce78e1ee24c63527ad4e16996c25c9f203254f19c13d4c61cf39cf87b29e101afee02cf1ee36aeb5cdd6
  languageName: node
  linkType: hard

"inherits@npm:2":
  version: 2.0.4
  resolution: "inherits@npm:2.0.4"
  checksum: 4a48a733847879d6cf6691860a6b1e3f0f4754176e4d71494c41f3475553768b10f84b5ce1d40fbd0e34e6bfbb864ee35858ad4dd2cf31e02fc4a154b724d7f1
  languageName: node
  linkType: hard

"jade@npm:0.26.3":
  version: 0.26.3
  resolution: "jade@npm:0.26.3"
  dependencies:
    commander: 0.6.1
    mkdirp: 0.3.0
  bin:
    jade: ./bin/jade
  checksum: 491fa8b80b5fe7d0b327904517dea43a10c8e29a742bc7b4067be2cdf4bf09027ff13dcedcaecff7351f7082341fb66d0ac67f7a58493fb39244658e7b3f519b
  languageName: node
  linkType: hard

"lru-cache@npm:2":
  version: 2.7.3
  resolution: "lru-cache@npm:2.7.3"
  checksum: f3bff3990f2936826da865d1b56f591185df9163e9ebc5e1234a9c5fd4574f8bbb67373fe6f8b914a2a88a3988591fc6b80b5e77705d5ca6ce2c9ef2ea08b572
  languageName: node
  linkType: hard

"minimatch@npm:0.3":
  version: 0.3.0
  resolution: "minimatch@npm:0.3.0"
  dependencies:
    lru-cache: 2
    sigmund: ~1.0.0
  checksum: 5fd8a557d0ce1d054b554e86024cf792603fa4eb91437ebc209b022ea88e096638b71b2f0e646789dd737c9c524da65218d652937cd65acdb56518dc1cd73c9e
  languageName: node
  linkType: hard

"minimist@npm:0.0.8":
  version: 0.0.8
  resolution: "minimist@npm:0.0.8"
  checksum: 042f8b626b1fa44dffc23bac55771425ac4ee9d267b56f9064c07713e516e1799f3ba933bb628d2475a210caf7dcdb98161611baa1f0daf49309a944cb4bc48f
  languageName: node
  linkType: hard

"mkdirp@npm:0.3.0":
  version: 0.3.0
  resolution: "mkdirp@npm:0.3.0"
  checksum: 3ec9cda8bd89b64892728e5092bc79e88382e444d4bbde040c2fb8d7034dc70682cfdd729e93241fd5243d2397324c420ef68c717d806db51bf96c0fc80f4b1d
  languageName: node
  linkType: hard

"mkdirp@npm:0.5.1":
  version: 0.5.1
  resolution: "mkdirp@npm:0.5.1"
  dependencies:
    minimist: 0.0.8
  bin:
    mkdirp: bin/cmd.js
  checksum: ed1ab49bb1d06c88dba7cfe930a3186f2605b5465aab7c8f24119baaba6e38f9ab4ac1695c68f476c65a48df2a69a8495049cd6e26c360ea082151a0771343d2
  languageName: node
  linkType: hard

"mocha@npm:^2.0.1":
  version: 2.5.3
  resolution: "mocha@npm:2.5.3"
  dependencies:
    commander: 2.3.0
    debug: 2.2.0
    diff: 1.4.0
    escape-string-regexp: 1.0.2
    glob: 3.2.11
    growl: 1.9.2
    jade: 0.26.3
    mkdirp: 0.5.1
    supports-color: 1.2.0
    to-iso-string: 0.0.2
  bin:
    _mocha: ./bin/_mocha
    mocha: ./bin/mocha
  checksum: 832b5961f789d8332992d5d9ab6e6be7b9ed38f866ebf1f78396f4b9d071856608938dd3cc79141a172978d13e5b7960e6088442d47a06590ca35f12e2eab2b6
  languageName: node
  linkType: hard

"ms@npm:0.7.1":
  version: 0.7.1
  resolution: "ms@npm:0.7.1"
  checksum: 73b453879f26fe14ae41388cb3fb7483aa81e478950b3feff8433959a8e693b20797b0ed85e20fbe86ec65f094b283360987e05817979721513e7ec622dcde96
  languageName: node
  linkType: hard

"sigmund@npm:~1.0.0":
  version: 1.0.1
  resolution: "sigmund@npm:1.0.1"
  checksum: 793f81f8083ad75ff3903ffd93cf35be8d797e872822cf880aea27ce6db522b508d93ea52ae292bccf357ce34dd5c7faa544cc51c2216e70bbf5fcf09b62707c
  languageName: node
  linkType: hard

"supports-color@npm:1.2.0":
  version: 1.2.0
  resolution: "supports-color@npm:1.2.0"
  bin:
    supports-color: cli.js
  checksum: fdf629be7c7dce9ee86bfa94d3d3d4a29360bcf55e65ce17e1464a40bf9fbaad4987ebed4408dd5ce7bd3e75ee35035472ea3eec5c8aa09276f3ef21f4d15fb8
  languageName: node
  linkType: hard

"to-iso-string@npm:0.0.2":
  version: 0.0.2
  resolution: "to-iso-string@npm:0.0.2"
  checksum: dcfd6d77bca82f643058be191fd5e11098c68162de3a780def6bfeadd766c547577b4026f8afb4351c5b4052b1a7647101363a6ae24a43ce9631088150b68afd
  languageName: node
  linkType: hard
